
Microsoft Visual Studio Solution File, Format Version 12.00
# Visual Studio Version 18
VisualStudioVersion = 18.0.11217.181 d18.0
MinimumVisualStudioVersion = 10.0.40219.1
Project("{9A19103F-16F7-4668-BE54-9A1E7A4F7556}") = "AdventOfCode.Core", "AdventOfCode.Core\AdventOfCode.Core.csproj", "{D81D3CFF-2703-46F8-86A6-147AF1B0689F}"
EndProject
Project("{9A19103F-16F7-4668-BE54-9A1E7A4F7556}") = "AdventOfCode.Tests", "AdventOfCode.Tests\AdventOfCode.Tests.csproj", "{F4530066-E820-4664-9D3C-B383077024D8}"
EndProject
Project("{FAE04EC0-301F-11D3-BF4B-00C04F79EFBC}") = "AdventOfCode.Solvers", "AdventOfCode.Solvers\AdventOfCode.Solvers.csproj", "{7C14F4B9-EC60-4452-AB71-C3D432FC39D3}"
EndProject
Project("{2150E333-8FDC-42A3-9474-1A3956D46DE8}") = "Solution Items", "Solution Items", "{43F00302-D8EE-4951-85FD-C540D1D89056}"
	ProjectSection(SolutionItems) = preProject
		.editorconfig = .editorconfig
		.runsettings = .runsettings
		README.md = README.md
	EndProjectSection
EndProject
Project("{FAE04EC0-301F-11D3-BF4B-00C04F79EFBC}") = "AdventOfCode.ConsoleApp", "AdventOfCode.ConsoleApp\AdventOfCode.ConsoleApp.csproj", "{B348D119-0738-4636-AED1-C3180611CB69}"
EndProject
Global
	GlobalSection(SolutionConfigurationPlatforms) = preSolution
		Debug|Any CPU = Debug|Any CPU
		Release|Any CPU = Release|Any CPU
	EndGlobalSection
	GlobalSection(ProjectConfigurationPlatforms) = postSolution
		{D81D3CFF-2703-46F8-86A6-147AF1B0689F}.Debug|Any CPU.ActiveCfg = Debug|Any CPU
		{D81D3CFF-2703-46F8-86A6-147AF1B0689F}.Debug|Any CPU.Build.0 = Debug|Any CPU
		{D81D3CFF-2703-46F8-86A6-147AF1B0689F}.Release|Any CPU.ActiveCfg = Release|Any CPU
		{D81D3CFF-2703-46F8-86A6-147AF1B0689F}.Release|Any CPU.Build.0 = Release|Any CPU
		{F4530066-E820-4664-9D3C-B383077024D8}.Debug|Any CPU.ActiveCfg = Debug|Any CPU
		{F4530066-E820-4664-9D3C-B383077024D8}.Debug|Any CPU.Build.0 = Debug|Any CPU
		{F4530066-E820-4664-9D3C-B383077024D8}.Release|Any CPU.ActiveCfg = Release|Any CPU
		{F4530066-E820-4664-9D3C-B383077024D8}.Release|Any CPU.Build.0 = Release|Any CPU
		{7C14F4B9-EC60-4452-AB71-C3D432FC39D3}.Debug|Any CPU.ActiveCfg = Debug|Any CPU
		{7C14F4B9-EC60-4452-AB71-C3D432FC39D3}.Debug|Any CPU.Build.0 = Debug|Any CPU
		{7C14F4B9-EC60-4452-AB71-C3D432FC39D3}.Release|Any CPU.ActiveCfg = Release|Any CPU
		{7C14F4B9-EC60-4452-AB71-C3D432FC39D3}.Release|Any CPU.Build.0 = Release|Any CPU
		{B348D119-0738-4636-AED1-C3180611CB69}.Debug|Any CPU.ActiveCfg = Debug|Any CPU
		{B348D119-0738-4636-AED1-C3180611CB69}.Debug|Any CPU.Build.0 = Debug|Any CPU
		{B348D119-0738-4636-AED1-C3180611CB69}.Release|Any CPU.ActiveCfg = Release|Any CPU
		{B348D119-0738-4636-AED1-C3180611CB69}.Release|Any CPU.Build.0 = Release|Any CPU
	EndGlobalSection
	GlobalSection(SolutionProperties) = preSolution
		HideSolutionNode = FALSE
	EndGlobalSection
	GlobalSection(ExtensibilityGlobals) = postSolution
		SolutionGuid = {5C599DE5-6C62-430E-AF0F-E336B177AE26}
	EndGlobalSection
EndGlobal
