
Microsoft Visual Studio Solution File, Format Version 12.00
# Visual Studio Version 17
VisualStudioVersion = 17.8.34322.80
MinimumVisualStudioVersion = 10.0.40219.1
Project("{9A19103F-16F7-4668-BE54-9A1E7A4F7556}") = "AdventOfCode.Core", "AdventOfCode.Core\AdventOfCode.Core.csproj", "{D81D3CFF-2703-46F8-86A6-147AF1B0689F}"
EndProject
Project("{9A19103F-16F7-4668-BE54-9A1E7A4F7556}") = "AdventOfCode.Tests", "AdventOfCode.Tests\AdventOfCode.Tests.csproj", "{F4530066-E820-4664-9D3C-B383077024D8}"
EndProject
Global
	GlobalSection(SolutionConfigurationPlatforms) = preSolution
		Debug|Any CPU = Debug|Any CPU
		Release|Any CPU = Release|Any CPU
	EndGlobalSection
	GlobalSection(ProjectConfigurationPlatforms) = postSolution
		{D81D3CFF-2703-46F8-86A6-147AF1B0689F}.Debug|Any CPU.ActiveCfg = Debug|Any CPU
		{D81D3CFF-2703-46F8-86A6-147AF1B0689F}.Debug|Any CPU.Build.0 = Debug|Any CPU
		{D81D3CFF-2703-46F8-86A6-147AF1B0689F}.Release|Any CPU.ActiveCfg = Release|Any CPU
		{D81D3CFF-2703-46F8-86A6-147AF1B0689F}.Release|Any CPU.Build.0 = Release|Any CPU
		{F4530066-E820-4664-9D3C-B383077024D8}.Debug|Any CPU.ActiveCfg = Debug|Any CPU
		{F4530066-E820-4664-9D3C-B383077024D8}.Debug|Any CPU.Build.0 = Debug|Any CPU
		{F4530066-E820-4664-9D3C-B383077024D8}.Release|Any CPU.ActiveCfg = Release|Any CPU
		{F4530066-E820-4664-9D3C-B383077024D8}.Release|Any CPU.Build.0 = Release|Any CPU
	EndGlobalSection
	GlobalSection(SolutionProperties) = preSolution
		HideSolutionNode = FALSE
	EndGlobalSection
	GlobalSection(ExtensibilityGlobals) = postSolution
		SolutionGuid = {5C599DE5-6C62-430E-AF0F-E336B177AE26}
	EndGlobalSection
EndGlobal
